
Microsoft Visual Studio Solution File, Format Version 12.00
# Visual Studio Version 16
VisualStudioVersion = 16.0.29806.167
MinimumVisualStudioVersion = 10.0.40219.1
Project("{9092AA53-FB77-4645-B42D-1CCCA6BD08BD}") = "silk-carousel", "silk-carousel.njsproj", "{7FE8EB3F-73D1-4E20-8A9D-5F963A9178E7}"
EndProject
Global
	GlobalSection(SolutionConfigurationPlatforms) = preSolution
		Debug|Any CPU = Debug|Any CPU
		Release|Any CPU = Release|Any CPU
	EndGlobalSection
	GlobalSection(ProjectConfigurationPlatforms) = postSolution
		{7FE8EB3F-73D1-4E20-8A9D-5F963A9178E7}.Debug|Any CPU.ActiveCfg = Debug|Any CPU
		{7FE8EB3F-73D1-4E20-8A9D-5F963A9178E7}.Debug|Any CPU.Build.0 = Debug|Any CPU
		{7FE8EB3F-73D1-4E20-8A9D-5F963A9178E7}.Release|Any CPU.ActiveCfg = Release|Any CPU
		{7FE8EB3F-73D1-4E20-8A9D-5F963A9178E7}.Release|Any CPU.Build.0 = Release|Any CPU
	EndGlobalSection
	GlobalSection(SolutionProperties) = preSolution
		HideSolutionNode = FALSE
	EndGlobalSection
	GlobalSection(ExtensibilityGlobals) = postSolution
		SolutionGuid = {43B7D6F9-D97B-4A6D-B93D-77A123512895}
	EndGlobalSection
EndGlobal
